// !$*UTF8*$!
{
	archiveVersion = 1;
	classes = {
	};
	objectVersion = 56;
	objects = {

/* Begin PBXBuildFile section */
		E735AD182990341600991FDF /* HistoryView.swift in Sources */ = {isa = PBXBuildFile; fileRef = E735AD172990341600991FDF /* HistoryView.swift */; };
		E735AD1A29903CF100991FDF /* KontaktView.swift in Sources */ = {isa = PBXBuildFile; fileRef = E735AD1929903CF100991FDF /* KontaktView.swift */; };
		E7D04770298FBF9F006B2191 /* CleverTankenApp.swift in Sources */ = {isa = PBXBuildFile; fileRef = E7D0476F298FBF9F006B2191 /* CleverTankenApp.swift */; };
		E7D04772298FBF9F006B2191 /* ContentView.swift in Sources */ = {isa = PBXBuildFile; fileRef = E7D04771298FBF9F006B2191 /* ContentView.swift */; };
		E7D04774298FBFA1006B2191 /* Assets.xcassets in Resources */ = {isa = PBXBuildFile; fileRef = E7D04773298FBFA1006B2191 /* Assets.xcassets */; };
		E7D04777298FBFA1006B2191 /* Preview Assets.xcassets in Resources */ = {isa = PBXBuildFile; fileRef = E7D04776298FBFA1006B2191 /* Preview Assets.xcassets */; };
		E7D0477F298FC154006B2191 /* WelcomeView.swift in Sources */ = {isa = PBXBuildFile; fileRef = E7D0477E298FC154006B2191 /* WelcomeView.swift */; };
		E7D04784298FD765006B2191 /* WirSuchenView.swift in Sources */ = {isa = PBXBuildFile; fileRef = E7D04783298FD765006B2191 /* WirSuchenView.swift */; };
		E7D04786298FDDA7006B2191 /* JobViewModel.swift in Sources */ = {isa = PBXBuildFile; fileRef = E7D04785298FDDA7006B2191 /* JobViewModel.swift */; };
		E7D04788298FDE04006B2191 /* JobModel.swift in Sources */ = {isa = PBXBuildFile; fileRef = E7D04787298FDE04006B2191 /* JobModel.swift */; };
		E7D0478A298FE15D006B2191 /* JobView.swift in Sources */ = {isa = PBXBuildFile; fileRef = E7D04789298FE15D006B2191 /* JobView.swift */; };
		E7D0478C298FE1F7006B2191 /* ShowJobView.swift in Sources */ = {isa = PBXBuildFile; fileRef = E7D0478B298FE1F7006B2191 /* ShowJobView.swift */; };
		E7D0478E298FE377006B2191 /* ListItemView.swift in Sources */ = {isa = PBXBuildFile; fileRef = E7D0478D298FE377006B2191 /* ListItemView.swift */; };
/* End PBXBuildFile section */

/* Begin PBXFileReference section */
		E735AD172990341600991FDF /* HistoryView.swift */ = {isa = PBXFileReference; lastKnownFileType = sourcecode.swift; path = HistoryView.swift; sourceTree = "<group>"; };
		E735AD1929903CF100991FDF /* KontaktView.swift */ = {isa = PBXFileReference; lastKnownFileType = sourcecode.swift; path = KontaktView.swift; sourceTree = "<group>"; };
		E7D0476C298FBF9F006B2191 /* CleverTanken.app */ = {isa = PBXFileReference; explicitFileType = wrapper.application; includeInIndex = 0; path = CleverTanken.app; sourceTree = BUILT_PRODUCTS_DIR; };
		E7D0476F298FBF9F006B2191 /* CleverTankenApp.swift */ = {isa = PBXFileReference; lastKnownFileType = sourcecode.swift; path = CleverTankenApp.swift; sourceTree = "<group>"; };
		E7D04771298FBF9F006B2191 /* ContentView.swift */ = {isa = PBXFileReference; lastKnownFileType = sourcecode.swift; path = ContentView.swift; sourceTree = "<group>"; };
		E7D04773298FBFA1006B2191 /* Assets.xcassets */ = {isa = PBXFileReference; lastKnownFileType = folder.assetcatalog; path = Assets.xcassets; sourceTree = "<group>"; };
		E7D04776298FBFA1006B2191 /* Preview Assets.xcassets */ = {isa = PBXFileReference; lastKnownFileType = folder.assetcatalog; path = "Preview Assets.xcassets"; sourceTree = "<group>"; };
		E7D0477E298FC154006B2191 /* WelcomeView.swift */ = {isa = PBXFileReference; lastKnownFileType = sourcecode.swift; path = WelcomeView.swift; sourceTree = "<group>"; };
		E7D04783298FD765006B2191 /* WirSuchenView.swift */ = {isa = PBXFileReference; lastKnownFileType = sourcecode.swift; path = WirSuchenView.swift; sourceTree = "<group>"; };
		E7D04785298FDDA7006B2191 /* JobViewModel.swift */ = {isa = PBXFileReference; lastKnownFileType = sourcecode.swift; path = JobViewModel.swift; sourceTree = "<group>"; };
		E7D04787298FDE04006B2191 /* JobModel.swift */ = {isa = PBXFileReference; lastKnownFileType = sourcecode.swift; path = JobModel.swift; sourceTree = "<group>"; };
		E7D04789298FE15D006B2191 /* JobView.swift */ = {isa = PBXFileReference; lastKnownFileType = sourcecode.swift; path = JobView.swift; sourceTree = "<group>"; };
		E7D0478B298FE1F7006B2191 /* ShowJobView.swift */ = {isa = PBXFileReference; lastKnownFileType = sourcecode.swift; path = ShowJobView.swift; sourceTree = "<group>"; };
		E7D0478D298FE377006B2191 /* ListItemView.swift */ = {isa = PBXFileReference; lastKnownFileType = sourcecode.swift; path = ListItemView.swift; sourceTree = "<group>"; };
/* End PBXFileReference section */

/* Begin PBXFrameworksBuildPhase section */
		E7D04769298FBF9F006B2191 /* Frameworks */ = {
			isa = PBXFrameworksBuildPhase;
			buildActionMask = 2147483647;
			files = (
			);
			runOnlyForDeploymentPostprocessing = 0;
		};
/* End PBXFrameworksBuildPhase section */

/* Begin PBXGroup section */
		E7D04763298FBF9F006B2191 = {
			isa = PBXGroup;
			children = (
				E7D0476E298FBF9F006B2191 /* CleverTanken */,
				E7D0476D298FBF9F006B2191 /* Products */,
			);
			sourceTree = "<group>";
		};
		E7D0476D298FBF9F006B2191 /* Products */ = {
			isa = PBXGroup;
			children = (
				E7D0476C298FBF9F006B2191 /* CleverTanken.app */,
			);
			name = Products;
			sourceTree = "<group>";
		};
		E7D0476E298FBF9F006B2191 /* CleverTanken */ = {
			isa = PBXGroup;
			children = (
				E7D04782298FC17D006B2191 /* Models */,
				E7D04781298FC16F006B2191 /* ViewModels */,
				E7D04780298FC159006B2191 /* Views */,
				E7D0476F298FBF9F006B2191 /* CleverTankenApp.swift */,
				E7D04771298FBF9F006B2191 /* ContentView.swift */,
				E7D04773298FBFA1006B2191 /* Assets.xcassets */,
				E7D04775298FBFA1006B2191 /* Preview Content */,
			);
			path = CleverTanken;
			sourceTree = "<group>";
		};
		E7D04775298FBFA1006B2191 /* Preview Content */ = {
			isa = PBXGroup;
			children = (
				E7D04776298FBFA1006B2191 /* Preview Assets.xcassets */,
			);
			path = "Preview Content";
			sourceTree = "<group>";
		};
		E7D0477D298FC138006B2191 /* WelcomeView */ = {
			isa = PBXGroup;
			children = (
				E7D0477E298FC154006B2191 /* WelcomeView.swift */,
			);
			name = WelcomeView;
			path = ..;
			sourceTree = "<group>";
		};
		E7D04780298FC159006B2191 /* Views */ = {
			isa = PBXGroup;
			children = (
				E7D0477D298FC138006B2191 /* WelcomeView */,
				E7D04783298FD765006B2191 /* WirSuchenView.swift */,
				E7D04789298FE15D006B2191 /* JobView.swift */,
				E7D0478B298FE1F7006B2191 /* ShowJobView.swift */,
				E7D0478D298FE377006B2191 /* ListItemView.swift */,
				E735AD172990341600991FDF /* HistoryView.swift */,
				E735AD1929903CF100991FDF /* KontaktView.swift */,
			);
			path = Views;
			sourceTree = "<group>";
		};
		E7D04781298FC16F006B2191 /* ViewModels */ = {
			isa = PBXGroup;
			children = (
				E7D04785298FDDA7006B2191 /* JobViewModel.swift */,
			);
			path = ViewModels;
			sourceTree = "<group>";
		};
		E7D04782298FC17D006B2191 /* Models */ = {
			isa = PBXGroup;
			children = (
				E7D04787298FDE04006B2191 /* JobModel.swift */,
			);
			path = Models;
			sourceTree = "<group>";
		};
/* End PBXGroup section */

/* Begin PBXNativeTarget section */
		E7D0476B298FBF9F006B2191 /* CleverTanken */ = {
			isa = PBXNativeTarget;
			buildConfigurationList = E7D0477A298FBFA1006B2191 /* Build configuration list for PBXNativeTarget "CleverTanken" */;
			buildPhases = (
				E7D04768298FBF9F006B2191 /* Sources */,
				E7D04769298FBF9F006B2191 /* Frameworks */,
				E7D0476A298FBF9F006B2191 /* Resources */,
			);
			buildRules = (
			);
			dependencies = (
			);
			name = CleverTanken;
			productName = CleverTanken;
			productReference = E7D0476C298FBF9F006B2191 /* CleverTanken.app */;
			productType = "com.apple.product-type.application";
		};
/* End PBXNativeTarget section */

/* Begin PBXProject section */
		E7D04764298FBF9F006B2191 /* Project object */ = {
			isa = PBXProject;
			attributes = {
				BuildIndependentTargetsInParallel = 1;
				LastSwiftUpdateCheck = 1420;
				LastUpgradeCheck = 1420;
				TargetAttributes = {
					E7D0476B298FBF9F006B2191 = {
						CreatedOnToolsVersion = 14.2;
					};
				};
			};
			buildConfigurationList = E7D04767298FBF9F006B2191 /* Build configuration list for PBXProject "CleverTanken" */;
			compatibilityVersion = "Xcode 14.0";
			developmentRegion = en;
			hasScannedForEncodings = 0;
			knownRegions = (
				en,
				Base,
			);
			mainGroup = E7D04763298FBF9F006B2191;
			productRefGroup = E7D0476D298FBF9F006B2191 /* Products */;
			projectDirPath = "";
			projectRoot = "";
			targets = (
				E7D0476B298FBF9F006B2191 /* CleverTanken */,
			);
		};
/* End PBXProject section */

/* Begin PBXResourcesBuildPhase section */
		E7D0476A298FBF9F006B2191 /* Resources */ = {
			isa = PBXResourcesBuildPhase;
			buildActionMask = 2147483647;
			files = (
				E7D04777298FBFA1006B2191 /* Preview Assets.xcassets in Resources */,
				E7D04774298FBFA1006B2191 /* Assets.xcassets in Resources */,
			);
			runOnlyForDeploymentPostprocessing = 0;
		};
/* End PBXResourcesBuildPhase section */

/* Begin PBXSourcesBuildPhase section */
		E7D04768298FBF9F006B2191 /* Sources */ = {
			isa = PBXSourcesBuildPhase;
			buildActionMask = 2147483647;
			files = (
				E7D0478E298FE377006B2191 /* ListItemView.swift in Sources */,
				E7D04772298FBF9F006B2191 /* ContentView.swift in Sources */,
				E7D0478A298FE15D006B2191 /* JobView.swift in Sources */,
				E7D04784298FD765006B2191 /* WirSuchenView.swift in Sources */,
				E7D0478C298FE1F7006B2191 /* ShowJobView.swift in Sources */,
				E735AD1A29903CF100991FDF /* KontaktView.swift in Sources */,
				E7D0477F298FC154006B2191 /* WelcomeView.swift in Sources */,
				E7D04770298FBF9F006B2191 /* CleverTankenApp.swift in Sources */,
				E735AD182990341600991FDF /* HistoryView.swift in Sources */,
				E7D04786298FDDA7006B2191 /* JobViewModel.swift in Sources */,
				E7D04788298FDE04006B2191 /* JobModel.swift in Sources */,
			);
			runOnlyForDeploymentPostprocessing = 0;
		};
/* End PBXSourcesBuildPhase section */

/* Begin XCBuildConfiguration section */
		E7D04778298FBFA1006B2191 /* Debug */ = {
			isa = XCBuildConfiguration;
			buildSettings = {
				ALWAYS_SEARCH_USER_PATHS = NO;
				CLANG_ANALYZER_NONNULL = YES;
				CLANG_ANALYZER_NUMBER_OBJECT_CONVERSION = YES_AGGRESSIVE;
				CLANG_CXX_LANGUAGE_STANDARD = "gnu++20";
				CLANG_ENABLE_MODULES = YES;
				CLANG_ENABLE_OBJC_ARC = YES;
				CLANG_ENABLE_OBJC_WEAK = YES;
				CLANG_WARN_BLOCK_CAPTURE_AUTORELEASING = YES;
				CLANG_WARN_BOOL_CONVERSION = YES;
				CLANG_WARN_COMMA = YES;
				CLANG_WARN_CONSTANT_CONVERSION = YES;
				CLANG_WARN_DEPRECATED_OBJC_IMPLEMENTATIONS = YES;
				CLANG_WARN_DIRECT_OBJC_ISA_USAGE = YES_ERROR;
				CLANG_WARN_DOCUMENTATION_COMMENTS = YES;
				CLANG_WARN_EMPTY_BODY = YES;
				CLANG_WARN_ENUM_CONVERSION = YES;
				CLANG_WARN_INFINITE_RECURSION = YES;
				CLANG_WARN_INT_CONVERSION = YES;
				CLANG_WARN_NON_LITERAL_NULL_CONVERSION = YES;
				CLANG_WARN_OBJC_IMPLICIT_RETAIN_SELF = YES;
				CLANG_WARN_OBJC_LITERAL_CONVERSION = YES;
				CLANG_WARN_OBJC_ROOT_CLASS = YES_ERROR;
				CLANG_WARN_QUOTED_INCLUDE_IN_FRAMEWORK_HEADER = YES;
				CLANG_WARN_RANGE_LOOP_ANALYSIS = YES;
				CLANG_WARN_STRICT_PROTOTYPES = YES;
				CLANG_WARN_SUSPICIOUS_MOVE = YES;
				CLANG_WARN_UNGUARDED_AVAILABILITY = YES_AGGRESSIVE;
				CLANG_WARN_UNREACHABLE_CODE = YES;
				CLANG_WARN__DUPLICATE_METHOD_MATCH = YES;
				COPY_PHASE_STRIP = NO;
				DEBUG_INFORMATION_FORMAT = dwarf;
				ENABLE_STRICT_OBJC_MSGSEND = YES;
				ENABLE_TESTABILITY = YES;
				GCC_C_LANGUAGE_STANDARD = gnu11;
				GCC_DYNAMIC_NO_PIC = NO;
				GCC_NO_COMMON_BLOCKS = YES;
				GCC_OPTIMIZATION_LEVEL = 0;
				GCC_PREPROCESSOR_DEFINITIONS = (
					"DEBUG=1",
					"$(inherited)",
				);
				GCC_WARN_64_TO_32_BIT_CONVERSION = YES;
				GCC_WARN_ABOUT_RETURN_TYPE = YES_ERROR;
				GCC_WARN_UNDECLARED_SELECTOR = YES;
				GCC_WARN_UNINITIALIZED_AUTOS = YES_AGGRESSIVE;
				GCC_WARN_UNUSED_FUNCTION = YES;
				GCC_WARN_UNUSED_VARIABLE = YES;
				IPHONEOS_DEPLOYMENT_TARGET = 16.2;
				MTL_ENABLE_DEBUG_INFO = INCLUDE_SOURCE;
				MTL_FAST_MATH = YES;
				ONLY_ACTIVE_ARCH = YES;
				SDKROOT = iphoneos;
				SWIFT_ACTIVE_COMPILATION_CONDITIONS = DEBUG;
				SWIFT_OPTIMIZATION_LEVEL = "-Onone";
			};
			name = Debug;
		};
		E7D04779298FBFA1006B2191 /* Release */ = {
			isa = XCBuildConfiguration;
			buildSettings = {
				ALWAYS_SEARCH_USER_PATHS = NO;
				CLANG_ANALYZER_NONNULL = YES;
				CLANG_ANALYZER_NUMBER_OBJECT_CONVERSION = YES_AGGRESSIVE;
				CLANG_CXX_LANGUAGE_STANDARD = "gnu++20";
				CLANG_ENABLE_MODULES = YES;
				CLANG_ENABLE_OBJC_ARC = YES;
				CLANG_ENABLE_OBJC_WEAK = YES;
				CLANG_WARN_BLOCK_CAPTURE_AUTORELEASING = YES;
				CLANG_WARN_BOOL_CONVERSION = YES;
				CLANG_WARN_COMMA = YES;
				CLANG_WARN_CONSTANT_CONVERSION = YES;
				CLANG_WARN_DEPRECATED_OBJC_IMPLEMENTATIONS = YES;
				CLANG_WARN_DIRECT_OBJC_ISA_USAGE = YES_ERROR;
				CLANG_WARN_DOCUMENTATION_COMMENTS = YES;
				CLANG_WARN_EMPTY_BODY = YES;
				CLANG_WARN_ENUM_CONVERSION = YES;
				CLANG_WARN_INFINITE_RECURSION = YES;
				CLANG_WARN_INT_CONVERSION = YES;
				CLANG_WARN_NON_LITERAL_NULL_CONVERSION = YES;
				CLANG_WARN_OBJC_IMPLICIT_RETAIN_SELF = YES;
				CLANG_WARN_OBJC_LITERAL_CONVERSION = YES;
				CLANG_WARN_OBJC_ROOT_CLASS = YES_ERROR;
				CLANG_WARN_QUOTED_INCLUDE_IN_FRAMEWORK_HEADER = YES;
				CLANG_WARN_RANGE_LOOP_ANALYSIS = YES;
				CLANG_WARN_STRICT_PROTOTYPES = YES;
				CLANG_WARN_SUSPICIOUS_MOVE = YES;
				CLANG_WARN_UNGUARDED_AVAILABILITY = YES_AGGRESSIVE;
				CLANG_WARN_UNREACHABLE_CODE = YES;
				CLANG_WARN__DUPLICATE_METHOD_MATCH = YES;
				COPY_PHASE_STRIP = NO;
				DEBUG_INFORMATION_FORMAT = "dwarf-with-dsym";
				ENABLE_NS_ASSERTIONS = NO;
				ENABLE_STRICT_OBJC_MSGSEND = YES;
				GCC_C_LANGUAGE_STANDARD = gnu11;
				GCC_NO_COMMON_BLOCKS = YES;
				GCC_WARN_64_TO_32_BIT_CONVERSION = YES;
				GCC_WARN_ABOUT_RETURN_TYPE = YES_ERROR;
				GCC_WARN_UNDECLARED_SELECTOR = YES;
				GCC_WARN_UNINITIALIZED_AUTOS = YES_AGGRESSIVE;
				GCC_WARN_UNUSED_FUNCTION = YES;
				GCC_WARN_UNUSED_VARIABLE = YES;
				IPHONEOS_DEPLOYMENT_TARGET = 16.2;
				MTL_ENABLE_DEBUG_INFO = NO;
				MTL_FAST_MATH = YES;
				SDKROOT = iphoneos;
				SWIFT_COMPILATION_MODE = wholemodule;
				SWIFT_OPTIMIZATION_LEVEL = "-O";
				VALIDATE_PRODUCT = YES;
			};
			name = Release;
		};
		E7D0477B298FBFA1006B2191 /* Debug */ = {
			isa = XCBuildConfiguration;
			buildSettings = {
				ASSETCATALOG_COMPILER_APPICON_NAME = AppIcon;
				ASSETCATALOG_COMPILER_GLOBAL_ACCENT_COLOR_NAME = AccentColor;
				CODE_SIGN_STYLE = Automatic;
				CURRENT_PROJECT_VERSION = 1;
				DEVELOPMENT_ASSET_PATHS = "\"CleverTanken/Preview Content\"";
				ENABLE_PREVIEWS = YES;
				GENERATE_INFOPLIST_FILE = YES;
				INFOPLIST_KEY_UIApplicationSceneManifest_Generation = YES;
				INFOPLIST_KEY_UIApplicationSupportsIndirectInputEvents = YES;
				INFOPLIST_KEY_UILaunchScreen_Generation = YES;
				INFOPLIST_KEY_UISupportedInterfaceOrientations_iPad = "UIInterfaceOrientationPortrait UIInterfaceOrientationPortraitUpsideDown UIInterfaceOrientationLandscapeLeft UIInterfaceOrientationLandscapeRight";
				INFOPLIST_KEY_UISupportedInterfaceOrientations_iPhone = "UIInterfaceOrientationPortrait UIInterfaceOrientationLandscapeLeft UIInterfaceOrientationLandscapeRight";
				LD_RUNPATH_SEARCH_PATHS = (
					"$(inherited)",
					"@executable_path/Frameworks",
				);
				MARKETING_VERSION = 1.0;
				PRODUCT_BUNDLE_IDENTIFIER = com.My.MyDataApp.CleverTanken;
				PRODUCT_NAME = "$(TARGET_NAME)";
				SWIFT_EMIT_LOC_STRINGS = YES;
				SWIFT_VERSION = 5.0;
				TARGETED_DEVICE_FAMILY = "1,2";
			};
			name = Debug;
		};
		E7D0477C298FBFA1006B2191 /* Release */ = {
			isa = XCBuildConfiguration;
			buildSettings = {
				ASSETCATALOG_COMPILER_APPICON_NAME = AppIcon;
				ASSETCATALOG_COMPILER_GLOBAL_ACCENT_COLOR_NAME = AccentColor;
				CODE_SIGN_STYLE = Automatic;
				CURRENT_PROJECT_VERSION = 1;
				DEVELOPMENT_ASSET_PATHS = "\"CleverTanken/Preview Content\"";
				ENABLE_PREVIEWS = YES;
				GENERATE_INFOPLIST_FILE = YES;
				INFOPLIST_KEY_UIApplicationSceneManifest_Generation = YES;
				INFOPLIST_KEY_UIApplicationSupportsIndirectInputEvents = YES;
				INFOPLIST_KEY_UILaunchScreen_Generation = YES;
				INFOPLIST_KEY_UISupportedInterfaceOrientations_iPad = "UIInterfaceOrientationPortrait UIInterfaceOrientationPortraitUpsideDown UIInterfaceOrientationLandscapeLeft UIInterfaceOrientationLandscapeRight";
				INFOPLIST_KEY_UISupportedInterfaceOrientations_iPhone = "UIInterfaceOrientationPortrait UIInterfaceOrientationLandscapeLeft UIInterfaceOrientationLandscapeRight";
				LD_RUNPATH_SEARCH_PATHS = (
					"$(inherited)",
					"@executable_path/Frameworks",
				);
				MARKETING_VERSION = 1.0;
				PRODUCT_BUNDLE_IDENTIFIER = com.My.MyDataApp.CleverTanken;
				PRODUCT_NAME = "$(TARGET_NAME)";
				SWIFT_EMIT_LOC_STRINGS = YES;
				SWIFT_VERSION = 5.0;
				TARGETED_DEVICE_FAMILY = "1,2";
			};
			name = Release;
		};
/* End XCBuildConfiguration section */

/* Begin XCConfigurationList section */
		E7D04767298FBF9F006B2191 /* Build configuration list for PBXProject "CleverTanken" */ = {
			isa = XCConfigurationList;
			buildConfigurations = (
				E7D04778298FBFA1006B2191 /* Debug */,
				E7D04779298FBFA1006B2191 /* Release */,
			);
			defaultConfigurationIsVisible = 0;
			defaultConfigurationName = Release;
		};
		E7D0477A298FBFA1006B2191 /* Build configuration list for PBXNativeTarget "CleverTanken" */ = {
			isa = XCConfigurationList;
			buildConfigurations = (
				E7D0477B298FBFA1006B2191 /* Debug */,
				E7D0477C298FBFA1006B2191 /* Release */,
			);
			defaultConfigurationIsVisible = 0;
			defaultConfigurationName = Release;
		};
/* End XCConfigurationList section */
	};
	rootObject = E7D04764298FBF9F006B2191 /* Project object */;
}
